
Microsoft Visual Studio Solution File, Format Version 12.00
# Visual Studio 15
VisualStudioVersion = 15.0.28307.329
MinimumVisualStudioVersion = 10.0.40219.1
Project("{6EC3EE1D-3C4E-46DD-8F32-0CC8E7565705}") = "Avalonia.FuncUI", "Avalonia.FuncUI\Avalonia.FuncUI.fsproj", "{09688F87-2F10-456B-A228-E55AFF0DA3DE}"
EndProject
Project("{6EC3EE1D-3C4E-46DD-8F32-0CC8E7565705}") = "Avalonia.FuncUI.UnitTests", "Avalonia.FuncUI.UnitTests\Avalonia.FuncUI.UnitTests.fsproj", "{3D6BBB49-E127-4141-A296-BA504C597FA1}"
EndProject
Project("{F2A71F9B-5D33-465A-A702-920D77279786}") = "Avalonia.FuncUI.SmallSampleApp", "Avalonia.FuncUI.SmallSampleApp\Avalonia.FuncUI.SmallSampleApp.fsproj", "{22B099C2-D418-42F8-94F1-D2A0EFB4D86C}"
EndProject
Project("{2150E333-8FDC-42A3-9474-1A3956D46DE8}") = "Samples", "Samples", "{E5F1B811-E995-4757-B8E9-C3EB4DA274EE}"
EndProject
Global
	GlobalSection(SolutionConfigurationPlatforms) = preSolution
		Debug|Any CPU = Debug|Any CPU
		Release|Any CPU = Release|Any CPU
	EndGlobalSection
	GlobalSection(ProjectConfigurationPlatforms) = postSolution
		{09688F87-2F10-456B-A228-E55AFF0DA3DE}.Debug|Any CPU.ActiveCfg = Debug|Any CPU
		{09688F87-2F10-456B-A228-E55AFF0DA3DE}.Debug|Any CPU.Build.0 = Debug|Any CPU
		{09688F87-2F10-456B-A228-E55AFF0DA3DE}.Release|Any CPU.ActiveCfg = Release|Any CPU
		{09688F87-2F10-456B-A228-E55AFF0DA3DE}.Release|Any CPU.Build.0 = Release|Any CPU
		{3D6BBB49-E127-4141-A296-BA504C597FA1}.Debug|Any CPU.ActiveCfg = Debug|Any CPU
		{3D6BBB49-E127-4141-A296-BA504C597FA1}.Debug|Any CPU.Build.0 = Debug|Any CPU
		{3D6BBB49-E127-4141-A296-BA504C597FA1}.Release|Any CPU.ActiveCfg = Release|Any CPU
		{3D6BBB49-E127-4141-A296-BA504C597FA1}.Release|Any CPU.Build.0 = Release|Any CPU
		{22B099C2-D418-42F8-94F1-D2A0EFB4D86C}.Debug|Any CPU.ActiveCfg = Debug|Any CPU
		{22B099C2-D418-42F8-94F1-D2A0EFB4D86C}.Debug|Any CPU.Build.0 = Debug|Any CPU
		{22B099C2-D418-42F8-94F1-D2A0EFB4D86C}.Release|Any CPU.ActiveCfg = Release|Any CPU
		{22B099C2-D418-42F8-94F1-D2A0EFB4D86C}.Release|Any CPU.Build.0 = Release|Any CPU
	EndGlobalSection
	GlobalSection(SolutionProperties) = preSolution
		HideSolutionNode = FALSE
	EndGlobalSection
	GlobalSection(NestedProjects) = preSolution
		{22B099C2-D418-42F8-94F1-D2A0EFB4D86C} = {E5F1B811-E995-4757-B8E9-C3EB4DA274EE}
	EndGlobalSection
	GlobalSection(ExtensibilityGlobals) = postSolution
		SolutionGuid = {4630E817-6780-4C98-9379-EA3B45224339}
	EndGlobalSection
EndGlobal
