
Microsoft Visual Studio Solution File, Format Version 12.00
# Visual Studio 15
VisualStudioVersion = 15.0.28307.329
MinimumVisualStudioVersion = 10.0.40219.1
Project("{F2A71F9B-5D33-465A-A702-920D77279786}") = "Avalonia.FuncUI", "Avalonia.FuncUI\Avalonia.FuncUI.fsproj", "{09688F87-2F10-456B-A228-E55AFF0DA3DE}"
EndProject
Global
	GlobalSection(SolutionConfigurationPlatforms) = preSolution
		Debug|Any CPU = Debug|Any CPU
		Release|Any CPU = Release|Any CPU
	EndGlobalSection
	GlobalSection(ProjectConfigurationPlatforms) = postSolution
		{09688F87-2F10-456B-A228-E55AFF0DA3DE}.Debug|Any CPU.ActiveCfg = Debug|Any CPU
		{09688F87-2F10-456B-A228-E55AFF0DA3DE}.Debug|Any CPU.Build.0 = Debug|Any CPU
		{09688F87-2F10-456B-A228-E55AFF0DA3DE}.Release|Any CPU.ActiveCfg = Release|Any CPU
		{09688F87-2F10-456B-A228-E55AFF0DA3DE}.Release|Any CPU.Build.0 = Release|Any CPU
	EndGlobalSection
	GlobalSection(SolutionProperties) = preSolution
		HideSolutionNode = FALSE
	EndGlobalSection
	GlobalSection(ExtensibilityGlobals) = postSolution
		SolutionGuid = {4630E817-6780-4C98-9379-EA3B45224339}
	EndGlobalSection
EndGlobal
